
Microsoft Visual Studio Solution File, Format Version 12.00
# Visual Studio Version 16
VisualStudioVersion = 16.0.30611.23
MinimumVisualStudioVersion = 10.0.40219.1
Project("{9A19103F-16F7-4668-BE54-9A1E7A4F7556}") = "UserApi", "UserApi\UserApi.csproj", "{023C9A6E-1F88-4006-BE66-B9F6AB423090}"
EndProject
Project("{9A19103F-16F7-4668-BE54-9A1E7A4F7556}") = "ApiGateway", "ApiGateway\ApiGateway.csproj", "{290752A7-02B4-4C48-B645-388A331AC465}"
EndProject
Project("{E53339B2-1760-4266-BCC7-CA923CBCF16C}") = "docker-compose", "docker-compose.dcproj", "{70DEE903-6352-4F0F-A4B3-FE478C96B7D4}"
EndProject
Project("{9A19103F-16F7-4668-BE54-9A1E7A4F7556}") = "ProjectApi", "ProjectApi\ProjectApi.csproj", "{5589491B-88E7-411E-A44A-CEA4FF932F66}"
EndProject
Project("{FAE04EC0-301F-11D3-BF4B-00C04F79EFBC}") = "IdentityApi", "IdentityApi\IdentityApi.csproj", "{D53F1054-9CA8-48FC-8208-9DE8B15CF3B5}"
EndProject
Global
	GlobalSection(SolutionConfigurationPlatforms) = preSolution
		Debug|Any CPU = Debug|Any CPU
		Release|Any CPU = Release|Any CPU
	EndGlobalSection
	GlobalSection(ProjectConfigurationPlatforms) = postSolution
		{023C9A6E-1F88-4006-BE66-B9F6AB423090}.Debug|Any CPU.ActiveCfg = Debug|Any CPU
		{023C9A6E-1F88-4006-BE66-B9F6AB423090}.Debug|Any CPU.Build.0 = Debug|Any CPU
		{023C9A6E-1F88-4006-BE66-B9F6AB423090}.Release|Any CPU.ActiveCfg = Release|Any CPU
		{023C9A6E-1F88-4006-BE66-B9F6AB423090}.Release|Any CPU.Build.0 = Release|Any CPU
		{290752A7-02B4-4C48-B645-388A331AC465}.Debug|Any CPU.ActiveCfg = Debug|Any CPU
		{290752A7-02B4-4C48-B645-388A331AC465}.Debug|Any CPU.Build.0 = Debug|Any CPU
		{290752A7-02B4-4C48-B645-388A331AC465}.Release|Any CPU.ActiveCfg = Release|Any CPU
		{290752A7-02B4-4C48-B645-388A331AC465}.Release|Any CPU.Build.0 = Release|Any CPU
		{70DEE903-6352-4F0F-A4B3-FE478C96B7D4}.Debug|Any CPU.ActiveCfg = Debug|Any CPU
		{70DEE903-6352-4F0F-A4B3-FE478C96B7D4}.Debug|Any CPU.Build.0 = Debug|Any CPU
		{70DEE903-6352-4F0F-A4B3-FE478C96B7D4}.Release|Any CPU.ActiveCfg = Release|Any CPU
		{70DEE903-6352-4F0F-A4B3-FE478C96B7D4}.Release|Any CPU.Build.0 = Release|Any CPU
		{5589491B-88E7-411E-A44A-CEA4FF932F66}.Debug|Any CPU.ActiveCfg = Debug|Any CPU
		{5589491B-88E7-411E-A44A-CEA4FF932F66}.Debug|Any CPU.Build.0 = Debug|Any CPU
		{5589491B-88E7-411E-A44A-CEA4FF932F66}.Release|Any CPU.ActiveCfg = Release|Any CPU
		{5589491B-88E7-411E-A44A-CEA4FF932F66}.Release|Any CPU.Build.0 = Release|Any CPU
		{D53F1054-9CA8-48FC-8208-9DE8B15CF3B5}.Debug|Any CPU.ActiveCfg = Debug|Any CPU
		{D53F1054-9CA8-48FC-8208-9DE8B15CF3B5}.Debug|Any CPU.Build.0 = Debug|Any CPU
		{D53F1054-9CA8-48FC-8208-9DE8B15CF3B5}.Release|Any CPU.ActiveCfg = Release|Any CPU
		{D53F1054-9CA8-48FC-8208-9DE8B15CF3B5}.Release|Any CPU.Build.0 = Release|Any CPU
	EndGlobalSection
	GlobalSection(SolutionProperties) = preSolution
		HideSolutionNode = FALSE
	EndGlobalSection
	GlobalSection(ExtensibilityGlobals) = postSolution
		SolutionGuid = {3FF96ED7-ABBB-4709-89FA-3F65A8561862}
	EndGlobalSection
EndGlobal
